github.com/Masterminds/semver/v3 v3.1.1/go.mod h1:VPu/7SZ7ePZ3QOrcuXROw5FAcLl4a0cBrbBpGY/8hQs=
github.com/Masterminds/semver/v3 v3.2.1 h1:RN9w6+7QoMeJVGyfmbcgs28Br8cvmnucEXnY0rYXWg0=
github.com/Masterminds/semver/v3 v3.2.1/go.mod h1:qvl/7zhW3nngYb5+80sSMF+FG2BjYrf8m9wsX0PNOMQ=
github.com/abhirockzz/amazon-bedrock-go-inference-params v0.0.0-20230929191907-0bc341d75f9a h1:RIeqYrSNIvz/9JxP3sufnQHpjtEvYkLmsJyEcHKLBpw=
github.com/abhirockzz/amazon-bedrock-go-inference-params v0.0.0-20230929191907-0bc341d75f9a/go.mod h1:r/RT4MKbukdxjMjCA1547QO7SLRP4gpiUjvKqDomPcM=
github.com/abhirockzz/amazon-bedrock-go-inference-params v0.0.0-20230930050139-e7c8d6b920bb h1:LHwlVwjLlMBm/MB+IDLQnEZsr+hy1LWSD/AEs4+7pMY=
github.com/abhirockzz/amazon-bedrock-go-inference-params v0.0.0-20230930050139-e7c8d6b920bb/go.mod h1:r/RT4MKbukdxjMjCA1547QO7SLRP4gpiUjvKqDomPcM=
github.com/abhirockzz/amazon-bedrock-go-inference-params v0.0.0-20230930050635-df9d7267d619 h1:XR+Qky24ufW5q7G9rWNF8QCFAclQ2ke/BdX10xO9aio=
github.com/abhirockzz/amazon-bedrock-go-inference-params v0.0.0-20230930050635-df9d7267d619/go.mod h1:r/RT4MKbukdxjMjCA1547QO7SLRP4gpiUjvKqDomPcM=
github.com/abhirockzz/amazon-bedrock-go-inference-params v0.0.0-20230930050720-96de4eab6dda h1:BUo3igB1Ba7khCfFHbEPTONbMsalNb40KiC8JHEKXYY=
github.com/abhirockzz/amazon-bedrock-go-inference-params v0.0.0-20230930050720-96de4eab6dda/go.mod h1:r/RT4MKbukdxjMjCA1547QO7SLRP4gpiUjvKqDomPcM=
github.com/abhirockzz/amazon-bedrock-go-inference-params v0.0.0-20230930052738-08701e8742b0 h1:gJe45lzRHNG1AQMsSqw8rICH52r9DaSL5l38a9EuiFQ=
github.com/abhirockzz/amazon-bedrock-go-inference-params v0.0.0-20230930052738-08701e8742b0/go.mod h1:r/RT4MKbukdxjMjCA1547QO7SLRP4gpiUjvKqDomPcM=
github.com/abhirockzz/amazon-bedrock-go-inference-params v0.0.0-20230930052959-f85ec196a0e1 h1:8P4cYJVmiN3/bxxNgPgXgr2FpJos/ESgSIOJN4XUAyU=
github.com/abhirockzz/amazon-bedrock-go-inference-params v0.0.0-20230930052959-f85ec196a0e1/go.mod h1:r/RT4MKbukdxjMjCA1547QO7SLRP4gpiUjvKqDomPcM=
github.com/abhirockzz/amazon-bedrock-go-inference-params v0.0.0-20230930053247-b3d63e587849 h1:OgK4fiDaJuGYRTji2yL9AbBXHbuGUhdMxfVVwekbeAs=
github.com/abhirockzz/amazon-bedrock-go-inference-params v0.0.0-20230930053247-b3d63e587849/go.mod h1:r/RT4MKbukdxjMjCA1547QO7SLRP4gpiUjvKqDomPcM=
github.com/aws/aws-cdk-go/awscdk/v2 v2.25.0/go.mod h1:7XCtayiRILOHD/BkEyvxuqdrAHBt6dMXhSNcLm0ihU8=
github.com/aws/aws-cdk-go/awscdk/v2 v2.99.0 h1:nM6SDWrX2h7D3vAw45s8p9sFKsqY8TdmgJUdS5pL028=
github.com/aws/aws-cdk-go/awscdk/v2 v2.99.0/go.mod h1:0HMIUTNhy228wx8J/O5sHPCE+yWP0kiomWjmCctSnRY=
github.com/aws/aws-cdk-go/awscdklambdagoalpha/v2 v2.25.0-alpha.0 h1:XZ0FpvZ4uPZ911REuISvTesA+71wllTCodhJa0p+9ug=
github.com/aws/aws-cdk-go/awscdklambdagoalpha/v2 v2.25.0-alpha.0/go.mod h1:cKT1tzcwvqHmRiih7eDFC0Kz1RsPys+727RkNbJAgaU=
github.com/aws/aws-lambda-go v1.41.0 h1:l/5fyVb6Ud9uYd411xdHZzSf2n86TakxzpvIoz7l+3Y=
github.com/aws/aws-lambda-go v1.41.0/go.mod h1:jwFe2KmMsHmffA1X2R09hH6lFzJQxzI8qK17ewzbQMM=
github.com/aws/aws-sdk-go-v2 v1.21.0 h1:gMT0IW+03wtYJhRqTVYn0wLzwdnK9sRMcxmtfGzRdJc=
github.com/aws/aws-sdk-go-v2 v1.21.0/go.mod h1:/RfNgGmRxI+iFOB1OeJUyxiU+9s88k3pfHvDagGEp0M=
github.com/aws/aws-sdk-go-v2/aws/protocol/eventstream v1.4.13 h1:OPLEkmhXf6xFPiz0bLeDArZIDx1NNS4oJyG4nv3Gct0=
github.com/aws/aws-sdk-go-v2/aws/protocol/eventstream v1.4.13/go.mod h1:gpAbvyDGQFozTEmlTFO8XcQKHzubdq0LzRyJpG6MiXM=
github.com/aws/aws-sdk-go-v2/config v1.18.42 h1:28jHROB27xZwU0CB88giDSjz7M1Sba3olb5JBGwina8=
github.com/aws/aws-sdk-go-v2/config v1.18.42/go.mod h1:4AZM3nMMxwlG+eZlxvBKqwVbkDLlnN2a4UGTL6HjaZI=
github.com/aws/aws-sdk-go-v2/credentials v1.13.40 h1:s8yOkDh+5b1jUDhMBtngF6zKWLDs84chUk2Vk0c38Og=
github.com/aws/aws-sdk-go-v2/credentials v1.13.40/go.mod h1:VtEHVAAqDWASwdOqj/1huyT6uHbs5s8FUHfDQdky/Rs=
github.com/aws/aws-sdk-go-v2/feature/ec2/imds v1.13.11 h1:uDZJF1hu0EVT/4bogChk8DyjSF6fof6uL/0Y26Ma7Fg=
github.com/aws/aws-sdk-go-v2/feature/ec2/imds v1.13.11/go.mod h1:TEPP4tENqBGO99KwVpV9MlOX4NSrSLP8u3KRy2CDwA8=
github.com/aws/aws-sdk-go-v2/internal/configsources v1.1.41 h1:22dGT7PneFMx4+b3pz7lMTRyN8ZKH7M2cW4GP9yUS2g=
github.com/aws/aws-sdk-go-v2/internal/configsources v1.1.41/go.mod h1:CrObHAuPneJBlfEJ5T3szXOUkLEThaGfvnhTf33buas=
github.com/aws/aws-sdk-go-v2/internal/endpoints/v2 v2.4.35 h1:SijA0mgjV8E+8G45ltVHs0fvKpTj8xmZJ3VwhGKtUSI=
github.com/aws/aws-sdk-go-v2/internal/endpoints/v2 v2.4.35/go.mod h1:SJC1nEVVva1g3pHAIdCp7QsRIkMmLAgoDquQ9Rr8kYw=
github.com/aws/aws-sdk-go-v2/internal/ini v1.3.43 h1:g+qlObJH4Kn4n21g69DjspU0hKTjWtq7naZ9OLCv0ew=
github.com/aws/aws-sdk-go-v2/internal/ini v1.3.43/go.mod h1:rzfdUlfA+jdgLDmPKjd3Chq9V7LVLYo1Nz++Wb91aRo=
github.com/aws/aws-sdk-go-v2/internal/v4a v1.1.4 h1:6lJvvkQ9HmbHZ4h/IEwclwv2mrTW8Uq1SOB/kXy0mfw=
github.com/aws/aws-sdk-go-v2/internal/v4a v1.1.4/go.mod h1:1PrKYwxTM+zjpw9Y41KFtoJCQrJ34Z47Y4VgVbfndjo=
github.com/aws/aws-sdk-go-v2/service/bedrock v1.0.0 h1:Iji69boMUb2kOCeXK8c93JvLZ3BuU1maffmNrKk2+Zo=
github.com/aws/aws-sdk-go-v2/service/bedrock v1.0.0/go.mod h1:yyyJfF13r8ldkS9NaWcIiRZi14Z6jzSVx0al0kDWpkA=
github.com/aws/aws-sdk-go-v2/service/bedrockruntime v1.0.0 h1:aIOFCaILDV6sb1V5rEAnPCh+sgmoXR3D20ZyKezM7d4=
github.com/aws/aws-sdk-go-v2/service/bedrockruntime v1.0.0/go.mod h1:DiNY+UDWg7qS0JCWZmiIl7YsVCQZ/IGE3m0HUikz19A=
github.com/aws/aws-sdk-go-v2/service/internal/accept-encoding v1.9.14 h1:m0QTSI6pZYJTk5WSKx3fm5cNW/DCicVzULBgU/6IyD0=
github.com/aws/aws-sdk-go-v2/service/internal/accept-encoding v1.9.14/go.mod h1:dDilntgHy9WnHXsh7dDtUPgHKEfTJIBUTHM8OWm0f/0=
github.com/aws/aws-sdk-go-v2/service/internal/checksum v1.1.36 h1:eev2yZX7esGRjqRbnVk1UxMLw4CyVZDpZXRCcy75oQk=
github.com/aws/aws-sdk-go-v2/service/internal/checksum v1.1.36/go.mod h1:lGnOkH9NJATw0XEPcAknFBj3zzNTEGRHtSw+CwC1YTg=
github.com/aws/aws-sdk-go-v2/service/internal/presigned-url v1.9.35 h1:CdzPW9kKitgIiLV1+MHobfR5Xg25iYnyzWZhyQuSlDI=
github.com/aws/aws-sdk-go-v2/service/internal/presigned-url v1.9.35/go.mod h1:QGF2Rs33W5MaN9gYdEQOBBFPLwTZkEhRwI33f7KIG0o=
github.com/aws/aws-sdk-go-v2/service/internal/s3shared v1.15.4 h1:v0jkRigbSD6uOdwcaUQmgEwG1BkPfAPDqaeNt/29ghg=
github.com/aws/aws-sdk-go-v2/service/internal/s3shared v1.15.4/go.mod h1:LhTyt8J04LL+9cIt7pYJ5lbS/U98ZmXovLOR/4LUsk8=
github.com/aws/aws-sdk-go-v2/service/s3 v1.40.0 h1:wl5dxN1NONhTDQD9uaEvNsDRX29cBmGED/nl0jkWlt4=
github.com/aws/aws-sdk-go-v2/service/s3 v1.40.0/go.mod h1:rDGMZA7f4pbmTtPOk5v5UM2lmX6UAbRnMDJeDvnH7AM=
github.com/aws/aws-sdk-go-v2/service/sso v1.14.1 h1:YkNzx1RLS0F5qdf9v1Q8Cuv9NXCL2TkosOxhzlUPV64=
github.com/aws/aws-sdk-go-v2/service/sso v1.14.1/go.mod h1:fIAwKQKBFu90pBxx07BFOMJLpRUGu8VOzLJakeY+0K4=
github.com/aws/aws-sdk-go-v2/service/ssooidc v1.17.1 h1:8lKOidPkmSmfUtiTgtdXWgaKItCZ/g75/jEk6Ql6GsA=
github.com/aws/aws-sdk-go-v2/service/ssooidc v1.17.1/go.mod h1:yygr8ACQRY2PrEcy3xsUI357stq2AxnFM6DIsR9lij4=
github.com/aws/aws-sdk-go-v2/service/sts v1.22.0 h1:s4bioTgjSFRwOoyEFzAVCmFmoowBgjTR8gkrF/sQ4wk=
github.com/aws/aws-sdk-go-v2/service/sts v1.22.0/go.mod h1:VC7JDqsqiwXukYEDjoHh9U0fOJtNWh04FPQz4ct4GGU=
github.com/aws/constructs-go/constructs/v10 v10.0.9/go.mod h1:RC6w8bOwxLmPX7Jfo9dkEZ9iVfgH4QnaVnfWvaNOHy0=
github.com/aws/constructs-go/constructs/v10 v10.2.70 h1:CuKeOwf27CzGUt8XxOZStFSOVZ7An5XpCzxvqUk8zW4=
github.com/aws/constructs-go/constructs/v10 v10.2.70/go.mod h1:Jnh2jtqYQBjifA5+03aJmnIItEcjqAgMBJ8iZpFjNRE=
github.com/aws/jsii-runtime-go v1.37.0/go.mod h1:6tZnlstx8bAB3vnLFF9n8bbkI//LDblAek9zFyMXV3E=
github.com/aws/jsii-runtime-go v1.58.0/go.mod h1:OPeobFzUctDjq8EXbRZbIphpzQg3lzMs8KH09xuHyk0=
github.com/aws/jsii-runtime-go v1.88.0 h1:1qJ9Ane+oxTt1c3xkpDE5YIv53MzKDKYcAr70lAxT/Q=
github.com/aws/jsii-runtime-go v1.88.0/go.mod h1:rIisDqmDOviluOfibmnvjr1I9u2EFcbWLWUjOXy9/Ms=
github.com/aws/smithy-go v1.14.2 h1:MJU9hqBGbvWZdApzpvoF2WAIJDbtjK2NDJSiJP7HblQ=
github.com/aws/smithy-go v1.14.2/go.mod h1:Tg+OJXh4MB2R/uN61Ko2f6hTZwB/ZYGOtib8J3gBHzA=
github.com/cdklabs/awscdk-asset-awscli-go/awscliv1/v2 v2.2.200 h1:CwkS78cin4h5A3IaDcL69GrBI1HgTEB/xtECTf1luCc=
github.com/cdklabs/awscdk-asset-awscli-go/awscliv1/v2 v2.2.200/go.mod h1:sx6+u9s3UHyhm9BGrkGdQgNA0Ni5ekbJ9hW2Gupvoy0=
github.com/cdklabs/awscdk-asset-kubectl-go/kubectlv20/v2 v2.1.2 h1:k+WD+6cERd59Mao84v0QtRrcdZuuSMfzlEmuIypKnVs=
github.com/cdklabs/awscdk-asset-kubectl-go/kubectlv20/v2 v2.1.2/go.mod h1:CvFHBo0qcg8LUkJqIxQtP1rD/sNGv9bX3L2vHT2FUAo=
github.com/cdklabs/awscdk-asset-node-proxy-agent-go/nodeproxyagentv6/v2 v2.0.1 h1:MBBQNKKPJ5GArbctgwpiCy7KmwGjHDjUUH5wEzwIq8w=
github.com/cdklabs/awscdk-asset-node-proxy-agent-go/nodeproxyagentv6/v2 v2.0.1/go.mod h1:/2WiXEft9s8ViJjD01CJqDuyJ8HXBjhBLtK5OvJfdSc=
github.com/davecgh/go-spew v1.1.0/go.mod h1:J7Y8YcW2NihsgmVo/mv3lAwl/skON4iLHjSsI+c5H38=
github.com/davecgh/go-spew v1.1.1 h1:vj9j/u1bqnvCEfJOwUhtlOARqs3+rkHYY13jYWTU97c=
github.com/davecgh/go-spew v1.1.1/go.mod h1:J7Y8YcW2NihsgmVo/mv3lAwl/skON4iLHjSsI+c5H38=
github.com/fatih/color v1.15.0 h1:kOqh6YHBtK8aywxGerMG2Eq3H6Qgoqeo13Bk2Mv/nBs=
github.com/fatih/color v1.15.0/go.mod h1:0h5ZqXfHYED7Bhv2ZJamyIOUej9KtShiJESRwBDUSsw=
github.com/google/go-cmp v0.5.8 h1:e6P7q2lk1O+qJJb4BtCQXlK8vWEO8V1ZeuEdJNOqZyg=
github.com/google/go-cmp v0.5.8/go.mod h1:17dUlkBOakJ0+DkrSSNjCkIjxS6bF9zb3elmeNGIjoY=
github.com/jmespath/go-jmespath v0.4.0/go.mod h1:T8mJZnbsbmF+m6zOOFylbeCJqk5+pHWvzYPziyZiYoo=
github.com/jmespath/go-jmespath/internal/testify v1.5.1/go.mod h1:L3OGu8Wl2/fWfCI6z80xFu9LTZmf1ZRjMHUOPmWr69U=
github.com/mattn/go-colorable v0.1.13 h1:fFA4WZxdEF4tXPZVKMLwD8oUnCTTo08duU7wxecdEvA=
github.com/mattn/go-colorable v0.1.13/go.mod h1:7S9/ev0klgBDR4GtXTXX8a3vIGJpMovkB8vQcUbaXHg=
github.com/mattn/go-isatty v0.0.16/go.mod h1:kYGgaQfpe5nmfYZH+SKPsOc2e4SrIfOl2e/yFXSvRLM=
github.com/mattn/go-isatty v0.0.19 h1:JITubQf0MOLdlGRuRq+jtsDlekdYPia9ZFsB8h/APPA=
github.com/mattn/go-isatty v0.0.19/go.mod h1:W+V8PltTTMOvKvAeJH7IuucS94S2C6jfK/D7dTCTo3Y=
github.com/pmezard/go-difflib v1.0.0 h1:4DBwDE0NGyQoBHbLQYPwSUPoCMWR5BEzIk/f1lZbAQM=
github.com/pmezard/go-difflib v1.0.0/go.mod h1:iKH77koFhYxTK1pcRnkKkqfTogsbg7gZNVY4sRDYZ/4=
github.com/stretchr/objx v0.1.0/go.mod h1:HFkY916IF+rwdDfMAkV7OtwuqBVzrE8GR6GFx+wExME=
github.com/stretchr/testify v1.7.0/go.mod h1:6Fq8oRcR53rry900zMqJjRRixrwX3KX962/h/Wwjteg=
github.com/stretchr/testify v1.7.1/go.mod h1:6Fq8oRcR53rry900zMqJjRRixrwX3KX962/h/Wwjteg=
github.com/stretchr/testify v1.8.4 h1:CcVxjf3Q8PM0mHUKJCdn+eZZtm5yQwehR5yeSVQQcUk=
github.com/yuin/goldmark v1.4.13 h1:fVcFKWvrslecOb/tg+Cc05dkeYx540o0FuFt3nUVDoE=
github.com/yuin/goldmark v1.4.13/go.mod h1:6yULJ656Px+3vBD8DxQVa3kxgyrAnzto9xy5taEt/CY=
golang.org/x/crypto v0.0.0-20190308221718-c2843e01d9a2/go.mod h1:djNgcEr1/C05ACkg1iLfiJU5Ep61QUkGW8qpdssI0+w=
golang.org/x/crypto v0.0.0-20191011191535-87dc89f01550/go.mod h1:yigFU9vqHzYiE8UmvKecakEJjdnWj3jj499lnFckfCI=
golang.org/x/lint v0.0.0-20210508222113-6edffad5e616 h1:VLliZ0d+/avPrXXH+OakdXhpJuEoBZuwh1m2j7U6Iug=
golang.org/x/lint v0.0.0-20210508222113-6edffad5e616/go.mod h1:3xt1FjdF8hUf6vQPIChWIBhFzV8gjjsPE/fR3IyQdNY=
golang.org/x/mod v0.1.1-0.20191105210325-c90efee705ee/go.mod h1:QqPTAvyqsEbceGzBzNggFXnrqF1CaUcvgkdR5Ot7KZg=
golang.org/x/mod v0.12.0 h1:rmsUpXtvNzj340zd98LZ4KntptpfRHwpFOHG188oHXc=
golang.org/x/mod v0.12.0/go.mod h1:iBbtSCu2XBx23ZKBPSOrRkjjQPZFPuis4dIYUhu/chs=
golang.org/x/net v0.0.0-20190404232315-eb5bcb51f2a3/go.mod h1:t9HGtf8HONx5eT2rtn7q6eTqICYqUVnKs3thJo3Qplg=
golang.org/x/net v0.0.0-20190620200207-3b0461eec859/go.mod h1:z5CRVTTTmAJ677TzLLGU+0bjPO0LkuOLi4/5GtJWs/s=
golang.org/x/sync v0.0.0-20190423024810-112230192c58/go.mod h1:RxMgew5VJxzue5/jJTE5uejpjVlOe/izrB70Jof72aM=
golang.org/x/sync v0.3.0 h1:ftCYgMx6zT/asHUrPw8BLLscYtGznsLAnjq5RH9P66E=
golang.org/x/sys v0.0.0-20190215142949-d0b11bdaac8a/go.mod h1:STP8DvDyc/dI5b8T5hshtkjS+E42TnysNCUPdjciGhY=
golang.org/x/sys v0.0.0-20190412213103-97732733099d/go.mod h1:h1NjWce9XRLGQEsW7wpKNCjG9DtNlClVuFLEZdDNbEs=
golang.org/x/sys v0.0.0-20220811171246-fbc7d0a398ab/go.mod h1:oPkhp1MJrh7nUepCBck5+mAzfO9JrbApNNgaTdGDITg=
golang.org/x/sys v0.6.0/go.mod h1:oPkhp1MJrh7nUepCBck5+mAzfO9JrbApNNgaTdGDITg=
golang.org/x/sys v0.11.0 h1:eG7RXZHdqOJ1i+0lgLgCpSXAp6M3LYlAo6osgSi0xOM=
golang.org/x/sys v0.11.0/go.mod h1:oPkhp1MJrh7nUepCBck5+mAzfO9JrbApNNgaTdGDITg=
golang.org/x/text v0.3.0/go.mod h1:NqM8EUOU14njkJ3fqMW+pc6Ldnwhi/IjpwHt7yyuwOQ=
golang.org/x/tools v0.0.0-20200130002326-2f3ba24bd6e7/go.mod h1:TB2adYChydJhpapKDTa4BR/hXlZSLoq2Wpct/0txZ28=
golang.org/x/tools v0.12.0 h1:YW6HUoUmYBpwSgyaGaZq1fHjrBjX1rlpZ54T6mu2kss=
golang.org/x/tools v0.12.0/go.mod h1:Sc0INKfu04TlqNoRA1hgpFZbhYXHPr4V5DzpSBTPqQM=
golang.org/x/xerrors v0.0.0-20191011141410-1b5146add898/go.mod h1:I/5z698sn9Ka8TeJc9MKroUUfqBBauWjQqLJ2OPfmY0=
gopkg.in/check.v1 v0.0.0-20161208181325-20d25e280405/go.mod h1:Co6ibVJAznAaIkqp8huTwlJQCZ016jof/cbN4VW5Yz0=
gopkg.in/yaml.v2 v2.2.8/go.mod h1:hI93XBmqTisBFMUTm0b8Fm+jr3Dg1NNxqwp+5A1VGuI=
gopkg.in/yaml.v3 v3.0.0-20200313102051-9f266ea9e77c/go.mod h1:K4uyk7z7BCEPqu6E+C64Yfv1cQ7kz7rIZviUmN+EgEM=
gopkg.in/yaml.v3 v3.0.0-20210107192922-496545a6307b/go.mod h1:K4uyk7z7BCEPqu6E+C64Yfv1cQ7kz7rIZviUmN+EgEM=
gopkg.in/yaml.v3 v3.0.1 h1:fxVm/GzAzEWqLHuvctI91KS9hhNmmWOoWu0XTYJS7CA=
